
Microsoft Visual Studio Solution File, Format Version 12.00
# Visual Studio 15
VisualStudioVersion = 15.0.27130.2036
MinimumVisualStudioVersion = 10.0.40219.1
Project("{FAE04EC0-301F-11D3-BF4B-00C04F79EFBC}") = "Capitulo01.Variaveis", "Capitulo01.Variaveis\Capitulo01.Variaveis.csproj", "{033C94DD-47BE-4C9E-8D20-265552D3CE4C}"
EndProject
Project("{FAE04EC0-301F-11D3-BF4B-00C04F79EFBC}") = "Capitulo01.Troco", "Capitulo01.Troco\Capitulo01.Troco.csproj", "{A2830EE0-1D1A-4035-9872-92EFF9FF414E}"
EndProject
Project("{FAE04EC0-301F-11D3-BF4B-00C04F79EFBC}") = "Capitulo02.Fretes", "Capitulo02.Fretes\Capitulo02.Fretes.csproj", "{1B64CE7A-8345-4410-BE73-550FB05FEDC7}"
EndProject
Project("{FAE04EC0-301F-11D3-BF4B-00C04F79EFBC}") = "Capitulo02.Tabuada", "Capitulo2.Tabuada\Capitulo02.Tabuada.csproj", "{22E75225-41DF-4AC6-A979-42CC77E803BE}"
EndProject
Project("{FAE04EC0-301F-11D3-BF4B-00C04F79EFBC}") = "Capitulo02.Repeticao.Testes", "Capitulo02.Repeticao.Testes\Capitulo02.Repeticao.Testes.csproj", "{7793F1D2-FF1B-42F8-AEED-044F4BB97C37}"
EndProject
Project("{FAE04EC0-301F-11D3-BF4B-00C04F79EFBC}") = "Oficina.Dominio", "Oficina.Dominio\Oficina.Dominio.csproj", "{9FB5511A-0256-46D6-9BD6-B924949E7CBF}"
EndProject
Project("{FAE04EC0-301F-11D3-BF4B-00C04F79EFBC}") = "Oficina.Repositorios.SistemaArquivos", "Oficina.Repositorios.SistemaArquivos\Oficina.Repositorios.SistemaArquivos.csproj", "{10FA1297-E8CB-40E1-9B43-9D9AA6ABE156}"
EndProject
Project("{FAE04EC0-301F-11D3-BF4B-00C04F79EFBC}") = "Oficina.Repositorios.SistemaArquivosTests", "Oficina.Repositorios.SistemaArquivosTests\Oficina.Repositorios.SistemaArquivosTests.csproj", "{23DAA73B-BEEB-4BA8-826E-2D8C2BA6A484}"
EndProject
Project("{2150E333-8FDC-42A3-9474-1A3956D46DE8}") = "Oficina", "Oficina", "{EBE60377-0587-44D1-B6A6-48B54C7DB38E}"
EndProject
Project("{FAE04EC0-301F-11D3-BF4B-00C04F79EFBC}") = "Capitulo06.Http.Testes", "Capitulo06.Http.Testes\Capitulo06.Http.Testes.csproj", "{732D28BA-143A-4C65-A680-87F4918E5A16}"
EndProject
Project("{FAE04EC0-301F-11D3-BF4B-00C04F79EFBC}") = "Oficina.AspNet", "Oficina.AspNet\Oficina.AspNet.csproj", "{10848E3E-0738-4878-9C74-4895AF3D2950}"
EndProject
Global
	GlobalSection(SolutionConfigurationPlatforms) = preSolution
		Debug|Any CPU = Debug|Any CPU
		Release|Any CPU = Release|Any CPU
	EndGlobalSection
	GlobalSection(ProjectConfigurationPlatforms) = postSolution
		{033C94DD-47BE-4C9E-8D20-265552D3CE4C}.Debug|Any CPU.ActiveCfg = Debug|Any CPU
		{033C94DD-47BE-4C9E-8D20-265552D3CE4C}.Debug|Any CPU.Build.0 = Debug|Any CPU
		{033C94DD-47BE-4C9E-8D20-265552D3CE4C}.Release|Any CPU.ActiveCfg = Release|Any CPU
		{033C94DD-47BE-4C9E-8D20-265552D3CE4C}.Release|Any CPU.Build.0 = Release|Any CPU
		{A2830EE0-1D1A-4035-9872-92EFF9FF414E}.Debug|Any CPU.ActiveCfg = Debug|Any CPU
		{A2830EE0-1D1A-4035-9872-92EFF9FF414E}.Debug|Any CPU.Build.0 = Debug|Any CPU
		{A2830EE0-1D1A-4035-9872-92EFF9FF414E}.Release|Any CPU.ActiveCfg = Release|Any CPU
		{A2830EE0-1D1A-4035-9872-92EFF9FF414E}.Release|Any CPU.Build.0 = Release|Any CPU
		{1B64CE7A-8345-4410-BE73-550FB05FEDC7}.Debug|Any CPU.ActiveCfg = Debug|Any CPU
		{1B64CE7A-8345-4410-BE73-550FB05FEDC7}.Debug|Any CPU.Build.0 = Debug|Any CPU
		{1B64CE7A-8345-4410-BE73-550FB05FEDC7}.Release|Any CPU.ActiveCfg = Release|Any CPU
		{1B64CE7A-8345-4410-BE73-550FB05FEDC7}.Release|Any CPU.Build.0 = Release|Any CPU
		{22E75225-41DF-4AC6-A979-42CC77E803BE}.Debug|Any CPU.ActiveCfg = Debug|Any CPU
		{22E75225-41DF-4AC6-A979-42CC77E803BE}.Debug|Any CPU.Build.0 = Debug|Any CPU
		{22E75225-41DF-4AC6-A979-42CC77E803BE}.Release|Any CPU.ActiveCfg = Release|Any CPU
		{22E75225-41DF-4AC6-A979-42CC77E803BE}.Release|Any CPU.Build.0 = Release|Any CPU
		{7793F1D2-FF1B-42F8-AEED-044F4BB97C37}.Debug|Any CPU.ActiveCfg = Debug|Any CPU
		{7793F1D2-FF1B-42F8-AEED-044F4BB97C37}.Debug|Any CPU.Build.0 = Debug|Any CPU
		{7793F1D2-FF1B-42F8-AEED-044F4BB97C37}.Release|Any CPU.ActiveCfg = Release|Any CPU
		{7793F1D2-FF1B-42F8-AEED-044F4BB97C37}.Release|Any CPU.Build.0 = Release|Any CPU
		{9FB5511A-0256-46D6-9BD6-B924949E7CBF}.Debug|Any CPU.ActiveCfg = Debug|Any CPU
		{9FB5511A-0256-46D6-9BD6-B924949E7CBF}.Debug|Any CPU.Build.0 = Debug|Any CPU
		{9FB5511A-0256-46D6-9BD6-B924949E7CBF}.Release|Any CPU.ActiveCfg = Release|Any CPU
		{9FB5511A-0256-46D6-9BD6-B924949E7CBF}.Release|Any CPU.Build.0 = Release|Any CPU
		{10FA1297-E8CB-40E1-9B43-9D9AA6ABE156}.Debug|Any CPU.ActiveCfg = Debug|Any CPU
		{10FA1297-E8CB-40E1-9B43-9D9AA6ABE156}.Debug|Any CPU.Build.0 = Debug|Any CPU
		{10FA1297-E8CB-40E1-9B43-9D9AA6ABE156}.Release|Any CPU.ActiveCfg = Release|Any CPU
		{10FA1297-E8CB-40E1-9B43-9D9AA6ABE156}.Release|Any CPU.Build.0 = Release|Any CPU
		{23DAA73B-BEEB-4BA8-826E-2D8C2BA6A484}.Debug|Any CPU.ActiveCfg = Debug|Any CPU
		{23DAA73B-BEEB-4BA8-826E-2D8C2BA6A484}.Debug|Any CPU.Build.0 = Debug|Any CPU
		{23DAA73B-BEEB-4BA8-826E-2D8C2BA6A484}.Release|Any CPU.ActiveCfg = Release|Any CPU
		{23DAA73B-BEEB-4BA8-826E-2D8C2BA6A484}.Release|Any CPU.Build.0 = Release|Any CPU
		{732D28BA-143A-4C65-A680-87F4918E5A16}.Debug|Any CPU.ActiveCfg = Debug|Any CPU
		{732D28BA-143A-4C65-A680-87F4918E5A16}.Debug|Any CPU.Build.0 = Debug|Any CPU
		{732D28BA-143A-4C65-A680-87F4918E5A16}.Release|Any CPU.ActiveCfg = Release|Any CPU
		{732D28BA-143A-4C65-A680-87F4918E5A16}.Release|Any CPU.Build.0 = Release|Any CPU
		{10848E3E-0738-4878-9C74-4895AF3D2950}.Debug|Any CPU.ActiveCfg = Debug|Any CPU
		{10848E3E-0738-4878-9C74-4895AF3D2950}.Debug|Any CPU.Build.0 = Debug|Any CPU
		{10848E3E-0738-4878-9C74-4895AF3D2950}.Release|Any CPU.ActiveCfg = Release|Any CPU
		{10848E3E-0738-4878-9C74-4895AF3D2950}.Release|Any CPU.Build.0 = Release|Any CPU
	EndGlobalSection
	GlobalSection(SolutionProperties) = preSolution
		HideSolutionNode = FALSE
	EndGlobalSection
	GlobalSection(NestedProjects) = preSolution
		{9FB5511A-0256-46D6-9BD6-B924949E7CBF} = {EBE60377-0587-44D1-B6A6-48B54C7DB38E}
		{10FA1297-E8CB-40E1-9B43-9D9AA6ABE156} = {EBE60377-0587-44D1-B6A6-48B54C7DB38E}
		{23DAA73B-BEEB-4BA8-826E-2D8C2BA6A484} = {EBE60377-0587-44D1-B6A6-48B54C7DB38E}
		{10848E3E-0738-4878-9C74-4895AF3D2950} = {EBE60377-0587-44D1-B6A6-48B54C7DB38E}
	EndGlobalSection
	GlobalSection(ExtensibilityGlobals) = postSolution
		SolutionGuid = {F26B50D7-DAE9-445E-9BE3-8FF45E10C3BB}
	EndGlobalSection
EndGlobal
